
Microsoft Visual Studio Solution File, Format Version 12.00
# Visual Studio 15
VisualStudioVersion = 15.0.26730.16
MinimumVisualStudioVersion = 10.0.40219.1
Project("{00D1A9C2-B5F0-4AF3-8072-F6C62B433612}") = "EpiHeroes", "EpiHeroes\EpiHeroes.sqlproj", "{4A82006E-452F-4ED1-A2ED-9D1E6B791884}"
EndProject
Project("{FAE04EC0-301F-11D3-BF4B-00C04F79EFBC}") = "EpiHeroesInterface", "EpiHeroesInterface\EpiHeroesInterface.csproj", "{9AEFE9C4-C81F-4D62-8D0B-F03B349EDD1A}"
EndProject
Global
	GlobalSection(SolutionConfigurationPlatforms) = preSolution
		Debug|Any CPU = Debug|Any CPU
		Release|Any CPU = Release|Any CPU
	EndGlobalSection
	GlobalSection(ProjectConfigurationPlatforms) = postSolution
		{4A82006E-452F-4ED1-A2ED-9D1E6B791884}.Debug|Any CPU.ActiveCfg = Debug|Any CPU
		{4A82006E-452F-4ED1-A2ED-9D1E6B791884}.Debug|Any CPU.Build.0 = Debug|Any CPU
		{4A82006E-452F-4ED1-A2ED-9D1E6B791884}.Debug|Any CPU.Deploy.0 = Debug|Any CPU
		{4A82006E-452F-4ED1-A2ED-9D1E6B791884}.Release|Any CPU.ActiveCfg = Release|Any CPU
		{4A82006E-452F-4ED1-A2ED-9D1E6B791884}.Release|Any CPU.Build.0 = Release|Any CPU
		{4A82006E-452F-4ED1-A2ED-9D1E6B791884}.Release|Any CPU.Deploy.0 = Release|Any CPU
		{9AEFE9C4-C81F-4D62-8D0B-F03B349EDD1A}.Debug|Any CPU.ActiveCfg = Debug|Any CPU
		{9AEFE9C4-C81F-4D62-8D0B-F03B349EDD1A}.Debug|Any CPU.Build.0 = Debug|Any CPU
		{9AEFE9C4-C81F-4D62-8D0B-F03B349EDD1A}.Release|Any CPU.ActiveCfg = Release|Any CPU
		{9AEFE9C4-C81F-4D62-8D0B-F03B349EDD1A}.Release|Any CPU.Build.0 = Release|Any CPU
	EndGlobalSection
	GlobalSection(SolutionProperties) = preSolution
		HideSolutionNode = FALSE
	EndGlobalSection
	GlobalSection(ExtensibilityGlobals) = postSolution
		SolutionGuid = {D7799810-86FC-4CBD-B146-6BFAC291F702}
	EndGlobalSection
EndGlobal
